
Microsoft Visual Studio Solution File, Format Version 12.00
# Visual Studio 2012
Project("{FAE04EC0-301F-11D3-BF4B-00C04F79EFBC}") = "FestivalCreator", "FestivalCreator\FestivalCreator.csproj", "{651ADB54-B94B-4A7A-850D-B6FD189ACF92}"
EndProject
Global
	GlobalSection(SolutionConfigurationPlatforms) = preSolution
		Debug|Any CPU = Debug|Any CPU
		Release|Any CPU = Release|Any CPU
	EndGlobalSection
	GlobalSection(ProjectConfigurationPlatforms) = postSolution
		{651ADB54-B94B-4A7A-850D-B6FD189ACF92}.Debug|Any CPU.ActiveCfg = Debug|Any CPU
		{651ADB54-B94B-4A7A-850D-B6FD189ACF92}.Debug|Any CPU.Build.0 = Debug|Any CPU
		{651ADB54-B94B-4A7A-850D-B6FD189ACF92}.Release|Any CPU.ActiveCfg = Release|Any CPU
		{651ADB54-B94B-4A7A-850D-B6FD189ACF92}.Release|Any CPU.Build.0 = Release|Any CPU
	EndGlobalSection
	GlobalSection(SolutionProperties) = preSolution
		HideSolutionNode = FALSE
	EndGlobalSection
EndGlobal
